
Microsoft Visual Studio Solution File, Format Version 12.00
# Visual Studio Version 16
VisualStudioVersion = 16.0.30204.135
MinimumVisualStudioVersion = 10.0.40219.1
Project("{FAE04EC0-301F-11D3-BF4B-00C04F79EFBC}") = "OneBoringProgram", "OneBoringProgram\OneBoringProgram.csproj", "{70D3CFAC-2375-4586-B067-C1A98BCC9195}"
EndProject
Global
	GlobalSection(SolutionConfigurationPlatforms) = preSolution
		Debug|Any CPU = Debug|Any CPU
		Release|Any CPU = Release|Any CPU
	EndGlobalSection
	GlobalSection(ProjectConfigurationPlatforms) = postSolution
		{70D3CFAC-2375-4586-B067-C1A98BCC9195}.Debug|Any CPU.ActiveCfg = Debug|Any CPU
		{70D3CFAC-2375-4586-B067-C1A98BCC9195}.Debug|Any CPU.Build.0 = Debug|Any CPU
		{70D3CFAC-2375-4586-B067-C1A98BCC9195}.Release|Any CPU.ActiveCfg = Release|Any CPU
		{70D3CFAC-2375-4586-B067-C1A98BCC9195}.Release|Any CPU.Build.0 = Release|Any CPU
	EndGlobalSection
	GlobalSection(SolutionProperties) = preSolution
		HideSolutionNode = FALSE
	EndGlobalSection
	GlobalSection(ExtensibilityGlobals) = postSolution
		SolutionGuid = {1E3FA5F6-B1E8-4476-A908-0696A34CA188}
	EndGlobalSection
EndGlobal
